
Microsoft Visual Studio Solution File, Format Version 11.00
# Visual Studio 2010 Express for Windows Phone
Project("{FAE04EC0-301F-11D3-BF4B-00C04F79EFBC}") = "EchoNestApi", "EchoNestApi\EchoNestApi.csproj", "{94EDB356-A77D-45D4-A7F2-B51A10EF6E09}"
EndProject
Project("{FAE04EC0-301F-11D3-BF4B-00C04F79EFBC}") = "App", "PhoneApp1\App.csproj", "{A962C35E-24F6-4E56-920E-9BC3B1086EDD}"
EndProject
Global
	GlobalSection(SolutionConfigurationPlatforms) = preSolution
		Debug|Any CPU = Debug|Any CPU
		Release|Any CPU = Release|Any CPU
	EndGlobalSection
	GlobalSection(ProjectConfigurationPlatforms) = postSolution
		{94EDB356-A77D-45D4-A7F2-B51A10EF6E09}.Debug|Any CPU.ActiveCfg = Debug|Any CPU
		{94EDB356-A77D-45D4-A7F2-B51A10EF6E09}.Debug|Any CPU.Build.0 = Debug|Any CPU
		{94EDB356-A77D-45D4-A7F2-B51A10EF6E09}.Release|Any CPU.ActiveCfg = Release|Any CPU
		{94EDB356-A77D-45D4-A7F2-B51A10EF6E09}.Release|Any CPU.Build.0 = Release|Any CPU
		{A962C35E-24F6-4E56-920E-9BC3B1086EDD}.Debug|Any CPU.ActiveCfg = Debug|Any CPU
		{A962C35E-24F6-4E56-920E-9BC3B1086EDD}.Debug|Any CPU.Build.0 = Debug|Any CPU
		{A962C35E-24F6-4E56-920E-9BC3B1086EDD}.Debug|Any CPU.Deploy.0 = Debug|Any CPU
		{A962C35E-24F6-4E56-920E-9BC3B1086EDD}.Release|Any CPU.ActiveCfg = Release|Any CPU
		{A962C35E-24F6-4E56-920E-9BC3B1086EDD}.Release|Any CPU.Build.0 = Release|Any CPU
		{A962C35E-24F6-4E56-920E-9BC3B1086EDD}.Release|Any CPU.Deploy.0 = Release|Any CPU
	EndGlobalSection
	GlobalSection(SolutionProperties) = preSolution
		HideSolutionNode = FALSE
	EndGlobalSection
EndGlobal
